// !$*UTF8*$!
{
	archiveVersion = 1;
	classes = {
	};
	objectVersion = 46;
	objects = {

/* Begin PBXBuildFile section */
		5ECACC5D1D473E430081F6F6 /* main.m in Sources */ = {isa = PBXBuildFile; fileRef = 5ECACC5C1D473E430081F6F6 /* main.m */; };
		5ECACC601D473E430081F6F6 /* AppDelegate.m in Sources */ = {isa = PBXBuildFile; fileRef = 5ECACC5F1D473E430081F6F6 /* AppDelegate.m */; };
		5ECACC631D473E430081F6F6 /* ViewController.m in Sources */ = {isa = PBXBuildFile; fileRef = 5ECACC621D473E430081F6F6 /* ViewController.m */; };
		5ECACC661D473E430081F6F6 /* Main.storyboard in Resources */ = {isa = PBXBuildFile; fileRef = 5ECACC641D473E430081F6F6 /* Main.storyboard */; };
		5ECACC681D473E440081F6F6 /* Assets.xcassets in Resources */ = {isa = PBXBuildFile; fileRef = 5ECACC671D473E440081F6F6 /* Assets.xcassets */; };
		5ECACC6B1D473E440081F6F6 /* LaunchScreen.storyboard in Resources */ = {isa = PBXBuildFile; fileRef = 5ECACC691D473E440081F6F6 /* LaunchScreen.storyboard */; };
		5ECACC761D473E440081F6F6 /* __kindofTests.m in Sources */ = {isa = PBXBuildFile; fileRef = 5ECACC751D473E440081F6F6 /* __kindofTests.m */; };
		5ECACC811D473E440081F6F6 /* __kindofUITests.m in Sources */ = {isa = PBXBuildFile; fileRef = 5ECACC801D473E440081F6F6 /* __kindofUITests.m */; };
		5ECACC901D473E5A0081F6F6 /* PerSon.m in Sources */ = {isa = PBXBuildFile; fileRef = 5ECACC8F1D473E5A0081F6F6 /* PerSon.m */; };
		5ECACC931D473E990081F6F6 /* SonPerson.m in Sources */ = {isa = PBXBuildFile; fileRef = 5ECACC921D473E990081F6F6 /* SonPerson.m */; };
/* End PBXBuildFile section */

/* Begin PBXContainerItemProxy section */
		5ECACC721D473E440081F6F6 /* PBXContainerItemProxy */ = {
			isa = PBXContainerItemProxy;
			containerPortal = 5ECACC501D473E430081F6F6 /* Project object */;
			proxyType = 1;
			remoteGlobalIDString = 5ECACC571D473E430081F6F6;
			remoteInfo = __kindof;
		};
		5ECACC7D1D473E440081F6F6 /* PBXContainerItemProxy */ = {
			isa = PBXContainerItemProxy;
			containerPortal = 5ECACC501D473E430081F6F6 /* Project object */;
			proxyType = 1;
			remoteGlobalIDString = 5ECACC571D473E430081F6F6;
			remoteInfo = __kindof;
		};
/* End PBXContainerItemProxy section */

/* Begin PBXFileReference section */
		5ECACC581D473E430081F6F6 /* __kindof.app */ = {isa = PBXFileReference; explicitFileType = wrapper.application; includeInIndex = 0; path = __kindof.app; sourceTree = BUILT_PRODUCTS_DIR; };
		5ECACC5C1D473E430081F6F6 /* main.m */ = {isa = PBXFileReference; lastKnownFileType = sourcecode.c.objc; path = main.m; sourceTree = "<group>"; };
		5ECACC5E1D473E430081F6F6 /* AppDelegate.h */ = {isa = PBXFileReference; lastKnownFileType = sourcecode.c.h; path = AppDelegate.h; sourceTree = "<group>"; };
		5ECACC5F1D473E430081F6F6 /* AppDelegate.m */ = {isa = PBXFileReference; lastKnownFileType = sourcecode.c.objc; path = AppDelegate.m; sourceTree = "<group>"; };
		5ECACC611D473E430081F6F6 /* ViewController.h */ = {isa = PBXFileReference; lastKnownFileType = sourcecode.c.h; path = ViewController.h; sourceTree = "<group>"; };
		5ECACC621D473E430081F6F6 /* ViewController.m */ = {isa = PBXFileReference; lastKnownFileType = sourcecode.c.objc; path = ViewController.m; sourceTree = "<group>"; };
		5ECACC651D473E430081F6F6 /* Base */ = {isa = PBXFileReference; lastKnownFileType = file.storyboard; name = Base; path = Base.lproj/Main.storyboard; sourceTree = "<group>"; };
		5ECACC671D473E440081F6F6 /* Assets.xcassets */ = {isa = PBXFileReference; lastKnownFileType = folder.assetcatalog; path = Assets.xcassets; sourceTree = "<group>"; };
		5ECACC6A1D473E440081F6F6 /* Base */ = {isa = PBXFileReference; lastKnownFileType = file.storyboard; name = Base; path = Base.lproj/LaunchScreen.storyboard; sourceTree = "<group>"; };
		5ECACC6C1D473E440081F6F6 /* Info.plist */ = {isa = PBXFileReference; lastKnownFileType = text.plist.xml; path = Info.plist; sourceTree = "<group>"; };
		5ECACC711D473E440081F6F6 /* __kindofTests.xctest */ = {isa = PBXFileReference; explicitFileType = wrapper.cfbundle; includeInIndex = 0; path = __kindofTests.xctest; sourceTree = BUILT_PRODUCTS_DIR; };
		5ECACC751D473E440081F6F6 /* __kindofTests.m */ = {isa = PBXFileReference; lastKnownFileType = sourcecode.c.objc; path = __kindofTests.m; sourceTree = "<group>"; };
		5ECACC771D473E440081F6F6 /* Info.plist */ = {isa = PBXFileReference; lastKnownFileType = text.plist.xml; path = Info.plist; sourceTree = "<group>"; };
		5ECACC7C1D473E440081F6F6 /* __kindofUITests.xctest */ = {isa = PBXFileReference; explicitFileType = wrapper.cfbundle; includeInIndex = 0; path = __kindofUITests.xctest; sourceTree = BUILT_PRODUCTS_DIR; };
		5ECACC801D473E440081F6F6 /* __kindofUITests.m */ = {isa = PBXFileReference; lastKnownFileType = sourcecode.c.objc; path = __kindofUITests.m; sourceTree = "<group>"; };
		5ECACC821D473E440081F6F6 /* Info.plist */ = {isa = PBXFileReference; lastKnownFileType = text.plist.xml; path = Info.plist; sourceTree = "<group>"; };
		5ECACC8E1D473E5A0081F6F6 /* PerSon.h */ = {isa = PBXFileReference; fileEncoding = 4; lastKnownFileType = sourcecode.c.h; path = PerSon.h; sourceTree = "<group>"; };
		5ECACC8F1D473E5A0081F6F6 /* PerSon.m */ = {isa = PBXFileReference; fileEncoding = 4; lastKnownFileType = sourcecode.c.objc; path = PerSon.m; sourceTree = "<group>"; };
		5ECACC911D473E990081F6F6 /* SonPerson.h */ = {isa = PBXFileReference; fileEncoding = 4; lastKnownFileType = sourcecode.c.h; path = SonPerson.h; sourceTree = "<group>"; };
		5ECACC921D473E990081F6F6 /* SonPerson.m */ = {isa = PBXFileReference; fileEncoding = 4; lastKnownFileType = sourcecode.c.objc; path = SonPerson.m; sourceTree = "<group>"; };
/* End PBXFileReference section */

/* Begin PBXFrameworksBuildPhase section */
		5ECACC551D473E430081F6F6 /* Frameworks */ = {
			isa = PBXFrameworksBuildPhase;
			buildActionMask = 2147483647;
			files = (
			);
			runOnlyForDeploymentPostprocessing = 0;
		};
		5ECACC6E1D473E440081F6F6 /* Frameworks */ = {
			isa = PBXFrameworksBuildPhase;
			buildActionMask = 2147483647;
			files = (
			);
			runOnlyForDeploymentPostprocessing = 0;
		};
		5ECACC791D473E440081F6F6 /* Frameworks */ = {
			isa = PBXFrameworksBuildPhase;
			buildActionMask = 2147483647;
			files = (
			);
			runOnlyForDeploymentPostprocessing = 0;
		};
/* End PBXFrameworksBuildPhase section */

/* Begin PBXGroup section */
		5ECACC4F1D473E430081F6F6 = {
			isa = PBXGroup;
			children = (
				5ECACC5A1D473E430081F6F6 /* __kindof */,
				5ECACC741D473E440081F6F6 /* __kindofTests */,
				5ECACC7F1D473E440081F6F6 /* __kindofUITests */,
				5ECACC591D473E430081F6F6 /* Products */,
			);
			sourceTree = "<group>";
		};
		5ECACC591D473E430081F6F6 /* Products */ = {
			isa = PBXGroup;
			children = (
				5ECACC581D473E430081F6F6 /* __kindof.app */,
				5ECACC711D473E440081F6F6 /* __kindofTests.xctest */,
				5ECACC7C1D473E440081F6F6 /* __kindofUITests.xctest */,
			);
			name = Products;
			sourceTree = "<group>";
		};
		5ECACC5A1D473E430081F6F6 /* __kindof */ = {
			isa = PBXGroup;
			children = (
				5ECACC5E1D473E430081F6F6 /* AppDelegate.h */,
				5ECACC5F1D473E430081F6F6 /* AppDelegate.m */,
				5ECACC611D473E430081F6F6 /* ViewController.h */,
				5ECACC621D473E430081F6F6 /* ViewController.m */,
				5ECACC8E1D473E5A0081F6F6 /* PerSon.h */,
				5ECACC8F1D473E5A0081F6F6 /* PerSon.m */,
				5ECACC911D473E990081F6F6 /* SonPerson.h */,
				5ECACC921D473E990081F6F6 /* SonPerson.m */,
				5ECACC641D473E430081F6F6 /* Main.storyboard */,
				5ECACC671D473E440081F6F6 /* Assets.xcassets */,
				5ECACC691D473E440081F6F6 /* LaunchScreen.storyboard */,
				5ECACC6C1D473E440081F6F6 /* Info.plist */,
				5ECACC5B1D473E430081F6F6 /* Supporting Files */,
			);
			path = __kindof;
			sourceTree = "<group>";
		};
		5ECACC5B1D473E430081F6F6 /* Supporting Files */ = {
			isa = PBXGroup;
			children = (
				5ECACC5C1D473E430081F6F6 /* main.m */,
			);
			name = "Supporting Files";
			sourceTree = "<group>";
		};
		5ECACC741D473E440081F6F6 /* __kindofTests */ = {
			isa = PBXGroup;
			children = (
				5ECACC751D473E440081F6F6 /* __kindofTests.m */,
				5ECACC771D473E440081F6F6 /* Info.plist */,
			);
			path = __kindofTests;
			sourceTree = "<group>";
		};
		5ECACC7F1D473E440081F6F6 /* __kindofUITests */ = {
			isa = PBXGroup;
			children = (
				5ECACC801D473E440081F6F6 /* __kindofUITests.m */,
				5ECACC821D473E440081F6F6 /* Info.plist */,
			);
			path = __kindofUITests;
			sourceTree = "<group>";
		};
/* End PBXGroup section */

/* Begin PBXNativeTarget section */
		5ECACC571D473E430081F6F6 /* __kindof */ = {
			isa = PBXNativeTarget;
			buildConfigurationList = 5ECACC851D473E440081F6F6 /* Build configuration list for PBXNativeTarget "__kindof" */;
			buildPhases = (
				5ECACC541D473E430081F6F6 /* Sources */,
				5ECACC551D473E430081F6F6 /* Frameworks */,
				5ECACC561D473E430081F6F6 /* Resources */,
			);
			buildRules = (
			);
			dependencies = (
			);
			name = __kindof;
			productName = __kindof;
			productReference = 5ECACC581D473E430081F6F6 /* __kindof.app */;
			productType = "com.apple.product-type.application";
		};
		5ECACC701D473E440081F6F6 /* __kindofTests */ = {
			isa = PBXNativeTarget;
			buildConfigurationList = 5ECACC881D473E440081F6F6 /* Build configuration list for PBXNativeTarget "__kindofTests" */;
			buildPhases = (
				5ECACC6D1D473E440081F6F6 /* Sources */,
				5ECACC6E1D473E440081F6F6 /* Frameworks */,
				5ECACC6F1D473E440081F6F6 /* Resources */,
			);
			buildRules = (
			);
			dependencies = (
				5ECACC731D473E440081F6F6 /* PBXTargetDependency */,
			);
			name = __kindofTests;
			productName = __kindofTests;
			productReference = 5ECACC711D473E440081F6F6 /* __kindofTests.xctest */;
			productType = "com.apple.product-type.bundle.unit-test";
		};
		5ECACC7B1D473E440081F6F6 /* __kindofUITests */ = {
			isa = PBXNativeTarget;
			buildConfigurationList = 5ECACC8B1D473E440081F6F6 /* Build configuration list for PBXNativeTarget "__kindofUITests" */;
			buildPhases = (
				5ECACC781D473E440081F6F6 /* Sources */,
				5ECACC791D473E440081F6F6 /* Frameworks */,
				5ECACC7A1D473E440081F6F6 /* Resources */,
			);
			buildRules = (
			);
			dependencies = (
				5ECACC7E1D473E440081F6F6 /* PBXTargetDependency */,
			);
			name = __kindofUITests;
			productName = __kindofUITests;
			productReference = 5ECACC7C1D473E440081F6F6 /* __kindofUITests.xctest */;
			productType = "com.apple.product-type.bundle.ui-testing";
		};
/* End PBXNativeTarget section */

/* Begin PBXProject section */
		5ECACC501D473E430081F6F6 /* Project object */ = {
			isa = PBXProject;
			attributes = {
				LastUpgradeCheck = 0720;
				ORGANIZATIONNAME = zhl;
				TargetAttributes = {
					5ECACC571D473E430081F6F6 = {
						CreatedOnToolsVersion = 7.2;
					};
					5ECACC701D473E440081F6F6 = {
						CreatedOnToolsVersion = 7.2;
						TestTargetID = 5ECACC571D473E430081F6F6;
					};
					5ECACC7B1D473E440081F6F6 = {
						CreatedOnToolsVersion = 7.2;
						TestTargetID = 5ECACC571D473E430081F6F6;
					};
				};
			};
			buildConfigurationList = 5ECACC531D473E430081F6F6 /* Build configuration list for PBXProject "__kindof" */;
			compatibilityVersion = "Xcode 3.2";
			developmentRegion = English;
			hasScannedForEncodings = 0;
			knownRegions = (
				en,
				Base,
			);
			mainGroup = 5ECACC4F1D473E430081F6F6;
			productRefGroup = 5ECACC591D473E430081F6F6 /* Products */;
			projectDirPath = "";
			projectRoot = "";
			targets = (
				5ECACC571D473E430081F6F6 /* __kindof */,
				5ECACC701D473E440081F6F6 /* __kindofTests */,
				5ECACC7B1D473E440081F6F6 /* __kindofUITests */,
			);
		};
/* End PBXProject section */

/* Begin PBXResourcesBuildPhase section */
		5ECACC561D473E430081F6F6 /* Resources */ = {
			isa = PBXResourcesBuildPhase;
			buildActionMask = 2147483647;
			files = (
				5ECACC6B1D473E440081F6F6 /* LaunchScreen.storyboard in Resources */,
				5ECACC681D473E440081F6F6 /* Assets.xcassets in Resources */,
				5ECACC661D473E430081F6F6 /* Main.storyboard in Resources */,
			);
			runOnlyForDeploymentPostprocessing = 0;
		};
		5ECACC6F1D473E440081F6F6 /* Resources */ = {
			isa = PBXResourcesBuildPhase;
			buildActionMask = 2147483647;
			files = (
			);
			runOnlyForDeploymentPostprocessing = 0;
		};
		5ECACC7A1D473E440081F6F6 /* Resources */ = {
			isa = PBXResourcesBuildPhase;
			buildActionMask = 2147483647;
			files = (
			);
			runOnlyForDeploymentPostprocessing = 0;
		};
/* End PBXResourcesBuildPhase section */

/* Begin PBXSourcesBuildPhase section */
		5ECACC541D473E430081F6F6 /* Sources */ = {
			isa = PBXSourcesBuildPhase;
			buildActionMask = 2147483647;
			files = (
				5ECACC631D473E430081F6F6 /* ViewController.m in Sources */,
				5ECACC931D473E990081F6F6 /* SonPerson.m in Sources */,
				5ECACC601D473E430081F6F6 /* AppDelegate.m in Sources */,
				5ECACC901D473E5A0081F6F6 /* PerSon.m in Sources */,
				5ECACC5D1D473E430081F6F6 /* main.m in Sources */,
			);
			runOnlyForDeploymentPostprocessing = 0;
		};
		5ECACC6D1D473E440081F6F6 /* Sources */ = {
			isa = PBXSourcesBuildPhase;
			buildActionMask = 2147483647;
			files = (
				5ECACC761D473E440081F6F6 /* __kindofTests.m in Sources */,
			);
			runOnlyForDeploymentPostprocessing = 0;
		};
		5ECACC781D473E440081F6F6 /* Sources */ = {
			isa = PBXSourcesBuildPhase;
			buildActionMask = 2147483647;
			files = (
				5ECACC811D473E440081F6F6 /* __kindofUITests.m in Sources */,
			);
			runOnlyForDeploymentPostprocessing = 0;
		};
/* End PBXSourcesBuildPhase section */

/* Begin PBXTargetDependency section */
		5ECACC731D473E440081F6F6 /* PBXTargetDependency */ = {
			isa = PBXTargetDependency;
			target = 5ECACC571D473E430081F6F6 /* __kindof */;
			targetProxy = 5ECACC721D473E440081F6F6 /* PBXContainerItemProxy */;
		};
		5ECACC7E1D473E440081F6F6 /* PBXTargetDependency */ = {
			isa = PBXTargetDependency;
			target = 5ECACC571D473E430081F6F6 /* __kindof */;
			targetProxy = 5ECACC7D1D473E440081F6F6 /* PBXContainerItemProxy */;
		};
/* End PBXTargetDependency section */

/* Begin PBXVariantGroup section */
		5ECACC641D473E430081F6F6 /* Main.storyboard */ = {
			isa = PBXVariantGroup;
			children = (
				5ECACC651D473E430081F6F6 /* Base */,
			);
			name = Main.storyboard;
			sourceTree = "<group>";
		};
		5ECACC691D473E440081F6F6 /* LaunchScreen.storyboard */ = {
			isa = PBXVariantGroup;
			children = (
				5ECACC6A1D473E440081F6F6 /* Base */,
			);
			name = LaunchScreen.storyboard;
			sourceTree = "<group>";
		};
/* End PBXVariantGroup section */

/* Begin XCBuildConfiguration section */
		5ECACC831D473E440081F6F6 /* Debug */ = {
			isa = XCBuildConfiguration;
			buildSettings = {
				ALWAYS_SEARCH_USER_PATHS = NO;
				CLANG_CXX_LANGUAGE_STANDARD = "gnu++0x";
				CLANG_CXX_LIBRARY = "libc++";
				CLANG_ENABLE_MODULES = YES;
				CLANG_ENABLE_OBJC_ARC = YES;
				CLANG_WARN_BOOL_CONVERSION = YES;
				CLANG_WARN_CONSTANT_CONVERSION = YES;
				CLANG_WARN_DIRECT_OBJC_ISA_USAGE = YES_ERROR;
				CLANG_WARN_EMPTY_BODY = YES;
				CLANG_WARN_ENUM_CONVERSION = YES;
				CLANG_WARN_INT_CONVERSION = YES;
				CLANG_WARN_OBJC_ROOT_CLASS = YES_ERROR;
				CLANG_WARN_UNREACHABLE_CODE = YES;
				CLANG_WARN__DUPLICATE_METHOD_MATCH = YES;
				"CODE_SIGN_IDENTITY[sdk=iphoneos*]" = "iPhone Developer";
				COPY_PHASE_STRIP = NO;
				DEBUG_INFORMATION_FORMAT = dwarf;
				ENABLE_STRICT_OBJC_MSGSEND = YES;
				ENABLE_TESTABILITY = YES;
				GCC_C_LANGUAGE_STANDARD = gnu99;
				GCC_DYNAMIC_NO_PIC = NO;
				GCC_NO_COMMON_BLOCKS = YES;
				GCC_OPTIMIZATION_LEVEL = 0;
				GCC_PREPROCESSOR_DEFINITIONS = (
					"DEBUG=1",
					"$(inherited)",
				);
				GCC_WARN_64_TO_32_BIT_CONVERSION = YES;
				GCC_WARN_ABOUT_RETURN_TYPE = YES_ERROR;
				GCC_WARN_UNDECLARED_SELECTOR = YES;
				GCC_WARN_UNINITIALIZED_AUTOS = YES_AGGRESSIVE;
				GCC_WARN_UNUSED_FUNCTION = YES;
				GCC_WARN_UNUSED_VARIABLE = YES;
				IPHONEOS_DEPLOYMENT_TARGET = 9.2;
				MTL_ENABLE_DEBUG_INFO = YES;
				ONLY_ACTIVE_ARCH = YES;
				SDKROOT = iphoneos;
			};
			name = Debug;
		};
		5ECACC841D473E440081F6F6 /* Release */ = {
			isa = XCBuildConfiguration;
			buildSettings = {
				ALWAYS_SEARCH_USER_PATHS = NO;
				CLANG_CXX_LANGUAGE_STANDARD = "gnu++0x";
				CLANG_CXX_LIBRARY = "libc++";
				CLANG_ENABLE_MODULES = YES;
				CLANG_ENABLE_OBJC_ARC = YES;
				CLANG_WARN_BOOL_CONVERSION = YES;
				CLANG_WARN_CONSTANT_CONVERSION = YES;
				CLANG_WARN_DIRECT_OBJC_ISA_USAGE = YES_ERROR;
				CLANG_WARN_EMPTY_BODY = YES;
				CLANG_WARN_ENUM_CONVERSION = YES;
				CLANG_WARN_INT_CONVERSION = YES;
				CLANG_WARN_OBJC_ROOT_CLASS = YES_ERROR;
				CLANG_WARN_UNREACHABLE_CODE = YES;
				CLANG_WARN__DUPLICATE_METHOD_MATCH = YES;
				"CODE_SIGN_IDENTITY[sdk=iphoneos*]" = "iPhone Developer";
				COPY_PHASE_STRIP = NO;
				DEBUG_INFORMATION_FORMAT = "dwarf-with-dsym";
				ENABLE_NS_ASSERTIONS = NO;
				ENABLE_STRICT_OBJC_MSGSEND = YES;
				GCC_C_LANGUAGE_STANDARD = gnu99;
				GCC_NO_COMMON_BLOCKS = YES;
				GCC_WARN_64_TO_32_BIT_CONVERSION = YES;
				GCC_WARN_ABOUT_RETURN_TYPE = YES_ERROR;
				GCC_WARN_UNDECLARED_SELECTOR = YES;
				GCC_WARN_UNINITIALIZED_AUTOS = YES_AGGRESSIVE;
				GCC_WARN_UNUSED_FUNCTION = YES;
				GCC_WARN_UNUSED_VARIABLE = YES;
				IPHONEOS_DEPLOYMENT_TARGET = 9.2;
				MTL_ENABLE_DEBUG_INFO = NO;
				SDKROOT = iphoneos;
				VALIDATE_PRODUCT = YES;
			};
			name = Release;
		};
		5ECACC861D473E440081F6F6 /* Debug */ = {
			isa = XCBuildConfiguration;
			buildSettings = {
				ASSETCATALOG_COMPILER_APPICON_NAME = AppIcon;
				INFOPLIST_FILE = __kindof/Info.plist;
				LD_RUNPATH_SEARCH_PATHS = "$(inherited) @executable_path/Frameworks";
				PRODUCT_BUNDLE_IDENTIFIER = "julyedu.--kindof";
				PRODUCT_NAME = "$(TARGET_NAME)";
			};
			name = Debug;
		};
		5ECACC871D473E440081F6F6 /* Release */ = {
			isa = XCBuildConfiguration;
			buildSettings = {
				ASSETCATALOG_COMPILER_APPICON_NAME = AppIcon;
				INFOPLIST_FILE = __kindof/Info.plist;
				LD_RUNPATH_SEARCH_PATHS = "$(inherited) @executable_path/Frameworks";
				PRODUCT_BUNDLE_IDENTIFIER = "julyedu.--kindof";
				PRODUCT_NAME = "$(TARGET_NAME)";
			};
			name = Release;
		};
		5ECACC891D473E440081F6F6 /* Debug */ = {
			isa = XCBuildConfiguration;
			buildSettings = {
				BUNDLE_LOADER = "$(TEST_HOST)";
				INFOPLIST_FILE = __kindofTests/Info.plist;
				LD_RUNPATH_SEARCH_PATHS = "$(inherited) @executable_path/Frameworks @loader_path/Frameworks";
				PRODUCT_BUNDLE_IDENTIFIER = "julyedu.--kindofTests";
				PRODUCT_NAME = "$(TARGET_NAME)";
				TEST_HOST = "$(BUILT_PRODUCTS_DIR)/__kindof.app/__kindof";
			};
			name = Debug;
		};
		5ECACC8A1D473E440081F6F6 /* Release */ = {
			isa = XCBuildConfiguration;
			buildSettings = {
				BUNDLE_LOADER = "$(TEST_HOST)";
				INFOPLIST_FILE = __kindofTests/Info.plist;
				LD_RUNPATH_SEARCH_PATHS = "$(inherited) @executable_path/Frameworks @loader_path/Frameworks";
				PRODUCT_BUNDLE_IDENTIFIER = "julyedu.--kindofTests";
				PRODUCT_NAME = "$(TARGET_NAME)";
				TEST_HOST = "$(BUILT_PRODUCTS_DIR)/__kindof.app/__kindof";
			};
			name = Release;
		};
		5ECACC8C1D473E440081F6F6 /* Debug */ = {
			isa = XCBuildConfiguration;
			buildSettings = {
				INFOPLIST_FILE = __kindofUITests/Info.plist;
				LD_RUNPATH_SEARCH_PATHS = "$(inherited) @executable_path/Frameworks @loader_path/Frameworks";
				PRODUCT_BUNDLE_IDENTIFIER = "julyedu.--kindofUITests";
				PRODUCT_NAME = "$(TARGET_NAME)";
				TEST_TARGET_NAME = __kindof;
				USES_XCTRUNNER = YES;
			};
			name = Debug;
		};
		5ECACC8D1D473E440081F6F6 /* Release */ = {
			isa = XCBuildConfiguration;
			buildSettings = {
				INFOPLIST_FILE = __kindofUITests/Info.plist;
				LD_RUNPATH_SEARCH_PATHS = "$(inherited) @executable_path/Frameworks @loader_path/Frameworks";
				PRODUCT_BUNDLE_IDENTIFIER = "julyedu.--kindofUITests";
				PRODUCT_NAME = "$(TARGET_NAME)";
				TEST_TARGET_NAME = __kindof;
				USES_XCTRUNNER = YES;
			};
			name = Release;
		};
/* End XCBuildConfiguration section */

/* Begin XCConfigurationList section */
		5ECACC531D473E430081F6F6 /* Build configuration list for PBXProject "__kindof" */ = {
			isa = XCConfigurationList;
			buildConfigurations = (
				5ECACC831D473E440081F6F6 /* Debug */,
				5ECACC841D473E440081F6F6 /* Release */,
			);
			defaultConfigurationIsVisible = 0;
			defaultConfigurationName = Release;
		};
		5ECACC851D473E440081F6F6 /* Build configuration list for PBXNativeTarget "__kindof" */ = {
			isa = XCConfigurationList;
			buildConfigurations = (
				5ECACC861D473E440081F6F6 /* Debug */,
				5ECACC871D473E440081F6F6 /* Release */,
			);
			defaultConfigurationIsVisible = 0;
		};
		5ECACC881D473E440081F6F6 /* Build configuration list for PBXNativeTarget "__kindofTests" */ = {
			isa = XCConfigurationList;
			buildConfigurations = (
				5ECACC891D473E440081F6F6 /* Debug */,
				5ECACC8A1D473E440081F6F6 /* Release */,
			);
			defaultConfigurationIsVisible = 0;
		};
		5ECACC8B1D473E440081F6F6 /* Build configuration list for PBXNativeTarget "__kindofUITests" */ = {
			isa = XCConfigurationList;
			buildConfigurations = (
				5ECACC8C1D473E440081F6F6 /* Debug */,
				5ECACC8D1D473E440081F6F6 /* Release */,
			);
			defaultConfigurationIsVisible = 0;
		};
/* End XCConfigurationList section */
	};
	rootObject = 5ECACC501D473E430081F6F6 /* Project object */;
}
