// !$*UTF8*$!
{
	archiveVersion = 1;
	classes = {
	};
	objectVersion = 46;
	objects = {

/* Begin PBXBuildFile section */
		5E7008EC1F5E422C00B34AEF /* main.m in Sources */ = {isa = PBXBuildFile; fileRef = 5E7008EB1F5E422C00B34AEF /* main.m */; };
		5E7008F21F5E422C00B34AEF /* ViewController.m in Sources */ = {isa = PBXBuildFile; fileRef = 5E7008F11F5E422C00B34AEF /* ViewController.m */; };
		5E7008F51F5E422C00B34AEF /* Main.storyboard in Resources */ = {isa = PBXBuildFile; fileRef = 5E7008F31F5E422C00B34AEF /* Main.storyboard */; };
		5E7008F71F5E422C00B34AEF /* Assets.xcassets in Resources */ = {isa = PBXBuildFile; fileRef = 5E7008F61F5E422C00B34AEF /* Assets.xcassets */; };
		5E7008FA1F5E422C00B34AEF /* LaunchScreen.storyboard in Resources */ = {isa = PBXBuildFile; fileRef = 5E7008F81F5E422C00B34AEF /* LaunchScreen.storyboard */; };
		5E70090C1F5EAB7E00B34AEF /* ScanAnimaitonView.m in Sources */ = {isa = PBXBuildFile; fileRef = 5E70090B1F5EAB7E00B34AEF /* ScanAnimaitonView.m */; };
		5E7961B91F5FD8B000EA9B4E /* StaticLibrary.m in Sources */ = {isa = PBXBuildFile; fileRef = 5E7961B81F5FD8B000EA9B4E /* StaticLibrary.m */; };
		5E7961C81F5FDACC00EA9B4E /* main.m in Sources */ = {isa = PBXBuildFile; fileRef = 5E7961C71F5FDACC00EA9B4E /* main.m */; };
		5E7961CB1F5FDACC00EA9B4E /* AppDelegate.m in Sources */ = {isa = PBXBuildFile; fileRef = 5E7961CA1F5FDACC00EA9B4E /* AppDelegate.m */; };
		5E7961CE1F5FDACC00EA9B4E /* ViewController.m in Sources */ = {isa = PBXBuildFile; fileRef = 5E7961CD1F5FDACC00EA9B4E /* ViewController.m */; };
		5E7961D11F5FDACC00EA9B4E /* Main.storyboard in Resources */ = {isa = PBXBuildFile; fileRef = 5E7961CF1F5FDACC00EA9B4E /* Main.storyboard */; };
		5E7961D31F5FDACC00EA9B4E /* Assets.xcassets in Resources */ = {isa = PBXBuildFile; fileRef = 5E7961D21F5FDACC00EA9B4E /* Assets.xcassets */; };
		5E7961D61F5FDACC00EA9B4E /* LaunchScreen.storyboard in Resources */ = {isa = PBXBuildFile; fileRef = 5E7961D41F5FDACC00EA9B4E /* LaunchScreen.storyboard */; };
		5EB599651F5FD3B900A98BE7 /* AppDelegate.m in Sources */ = {isa = PBXBuildFile; fileRef = 5E7008EE1F5E422C00B34AEF /* AppDelegate.m */; };
/* End PBXBuildFile section */

/* Begin PBXFileReference section */
		5E7008E71F5E422C00B34AEF /* 二维码.app */ = {isa = PBXFileReference; explicitFileType = wrapper.application; includeInIndex = 0; path = "二维码.app"; sourceTree = BUILT_PRODUCTS_DIR; };
		5E7008EB1F5E422C00B34AEF /* main.m */ = {isa = PBXFileReference; lastKnownFileType = sourcecode.c.objc; path = main.m; sourceTree = "<group>"; };
		5E7008ED1F5E422C00B34AEF /* AppDelegate.h */ = {isa = PBXFileReference; lastKnownFileType = sourcecode.c.h; path = AppDelegate.h; sourceTree = "<group>"; };
		5E7008EE1F5E422C00B34AEF /* AppDelegate.m */ = {isa = PBXFileReference; lastKnownFileType = sourcecode.c.objc; path = AppDelegate.m; sourceTree = "<group>"; };
		5E7008F01F5E422C00B34AEF /* ViewController.h */ = {isa = PBXFileReference; lastKnownFileType = sourcecode.c.h; path = ViewController.h; sourceTree = "<group>"; };
		5E7008F11F5E422C00B34AEF /* ViewController.m */ = {isa = PBXFileReference; lastKnownFileType = sourcecode.c.objc; path = ViewController.m; sourceTree = "<group>"; };
		5E7008F41F5E422C00B34AEF /* Base */ = {isa = PBXFileReference; lastKnownFileType = file.storyboard; name = Base; path = Base.lproj/Main.storyboard; sourceTree = "<group>"; };
		5E7008F61F5E422C00B34AEF /* Assets.xcassets */ = {isa = PBXFileReference; lastKnownFileType = folder.assetcatalog; path = Assets.xcassets; sourceTree = "<group>"; };
		5E7008F91F5E422C00B34AEF /* Base */ = {isa = PBXFileReference; lastKnownFileType = file.storyboard; name = Base; path = Base.lproj/LaunchScreen.storyboard; sourceTree = "<group>"; };
		5E7008FB1F5E422C00B34AEF /* Info.plist */ = {isa = PBXFileReference; lastKnownFileType = text.plist.xml; path = Info.plist; sourceTree = "<group>"; };
		5E70090A1F5EAB7E00B34AEF /* ScanAnimaitonView.h */ = {isa = PBXFileReference; fileEncoding = 4; lastKnownFileType = sourcecode.c.h; path = ScanAnimaitonView.h; sourceTree = "<group>"; };
		5E70090B1F5EAB7E00B34AEF /* ScanAnimaitonView.m */ = {isa = PBXFileReference; fileEncoding = 4; lastKnownFileType = sourcecode.c.objc; path = ScanAnimaitonView.m; sourceTree = "<group>"; };
		5E7961B71F5FD8B000EA9B4E /* StaticLibrary.h */ = {isa = PBXFileReference; fileEncoding = 4; lastKnownFileType = sourcecode.c.h; name = StaticLibrary.h; path = StaticLibrary/StaticLibrary.h; sourceTree = SOURCE_ROOT; };
		5E7961B81F5FD8B000EA9B4E /* StaticLibrary.m */ = {isa = PBXFileReference; fileEncoding = 4; lastKnownFileType = sourcecode.c.objc; name = StaticLibrary.m; path = StaticLibrary/StaticLibrary.m; sourceTree = SOURCE_ROOT; };
		5E7961C41F5FDACC00EA9B4E /* 11.app */ = {isa = PBXFileReference; explicitFileType = wrapper.application; includeInIndex = 0; path = 11.app; sourceTree = BUILT_PRODUCTS_DIR; };
		5E7961C71F5FDACC00EA9B4E /* main.m */ = {isa = PBXFileReference; lastKnownFileType = sourcecode.c.objc; path = main.m; sourceTree = "<group>"; };
		5E7961C91F5FDACC00EA9B4E /* AppDelegate.h */ = {isa = PBXFileReference; lastKnownFileType = sourcecode.c.h; path = AppDelegate.h; sourceTree = "<group>"; };
		5E7961CA1F5FDACC00EA9B4E /* AppDelegate.m */ = {isa = PBXFileReference; lastKnownFileType = sourcecode.c.objc; path = AppDelegate.m; sourceTree = "<group>"; };
		5E7961CC1F5FDACC00EA9B4E /* ViewController.h */ = {isa = PBXFileReference; lastKnownFileType = sourcecode.c.h; path = ViewController.h; sourceTree = "<group>"; };
		5E7961CD1F5FDACC00EA9B4E /* ViewController.m */ = {isa = PBXFileReference; lastKnownFileType = sourcecode.c.objc; path = ViewController.m; sourceTree = "<group>"; };
		5E7961D01F5FDACC00EA9B4E /* Base */ = {isa = PBXFileReference; lastKnownFileType = file.storyboard; name = Base; path = Base.lproj/Main.storyboard; sourceTree = "<group>"; };
		5E7961D21F5FDACC00EA9B4E /* Assets.xcassets */ = {isa = PBXFileReference; lastKnownFileType = folder.assetcatalog; path = Assets.xcassets; sourceTree = "<group>"; };
		5E7961D51F5FDACC00EA9B4E /* Base */ = {isa = PBXFileReference; lastKnownFileType = file.storyboard; name = Base; path = Base.lproj/LaunchScreen.storyboard; sourceTree = "<group>"; };
		5E7961D71F5FDACC00EA9B4E /* Info.plist */ = {isa = PBXFileReference; lastKnownFileType = text.plist.xml; path = Info.plist; sourceTree = "<group>"; };
		5EB599811F5FD6D300A98BE7 /* StaticLibrary.h */ = {isa = PBXFileReference; lastKnownFileType = sourcecode.c.h; path = StaticLibrary.h; sourceTree = "<group>"; };
		5EB599821F5FD6D300A98BE7 /* StaticLibrary.m */ = {isa = PBXFileReference; lastKnownFileType = sourcecode.c.objc; path = StaticLibrary.m; sourceTree = "<group>"; };
/* End PBXFileReference section */

/* Begin PBXFrameworksBuildPhase section */
		5E7008E41F5E422C00B34AEF /* Frameworks */ = {
			isa = PBXFrameworksBuildPhase;
			buildActionMask = 2147483647;
			files = (
			);
			runOnlyForDeploymentPostprocessing = 0;
		};
		5E7961C11F5FDACC00EA9B4E /* Frameworks */ = {
			isa = PBXFrameworksBuildPhase;
			buildActionMask = 2147483647;
			files = (
			);
			runOnlyForDeploymentPostprocessing = 0;
		};
/* End PBXFrameworksBuildPhase section */

/* Begin PBXGroup section */
		5E7008DE1F5E422C00B34AEF = {
			isa = PBXGroup;
			children = (
				5E7008E91F5E422C00B34AEF /* 二维码 */,
				5EB599801F5FD6D300A98BE7 /* StaticLibrary */,
				5E7961C51F5FDACC00EA9B4E /* 11 */,
				5E7008E81F5E422C00B34AEF /* Products */,
			);
			sourceTree = "<group>";
		};
		5E7008E81F5E422C00B34AEF /* Products */ = {
			isa = PBXGroup;
			children = (
				5E7008E71F5E422C00B34AEF /* 二维码.app */,
				5E7961C41F5FDACC00EA9B4E /* 11.app */,
			);
			name = Products;
			sourceTree = "<group>";
		};
		5E7008E91F5E422C00B34AEF /* 二维码 */ = {
			isa = PBXGroup;
			children = (
				5E7008ED1F5E422C00B34AEF /* AppDelegate.h */,
				5E7008EE1F5E422C00B34AEF /* AppDelegate.m */,
				5E7008F01F5E422C00B34AEF /* ViewController.h */,
				5E7008F11F5E422C00B34AEF /* ViewController.m */,
				5E70090A1F5EAB7E00B34AEF /* ScanAnimaitonView.h */,
				5E70090B1F5EAB7E00B34AEF /* ScanAnimaitonView.m */,
				5E7961B71F5FD8B000EA9B4E /* StaticLibrary.h */,
				5E7961B81F5FD8B000EA9B4E /* StaticLibrary.m */,
				5E7008F31F5E422C00B34AEF /* Main.storyboard */,
				5E7008F61F5E422C00B34AEF /* Assets.xcassets */,
				5E7008F81F5E422C00B34AEF /* LaunchScreen.storyboard */,
				5E7008FB1F5E422C00B34AEF /* Info.plist */,
				5E7008EA1F5E422C00B34AEF /* Supporting Files */,
			);
			path = "二维码";
			sourceTree = "<group>";
		};
		5E7008EA1F5E422C00B34AEF /* Supporting Files */ = {
			isa = PBXGroup;
			children = (
				5E7008EB1F5E422C00B34AEF /* main.m */,
			);
			name = "Supporting Files";
			sourceTree = "<group>";
		};
		5E7961C51F5FDACC00EA9B4E /* 11 */ = {
			isa = PBXGroup;
			children = (
				5E7961C91F5FDACC00EA9B4E /* AppDelegate.h */,
				5E7961CA1F5FDACC00EA9B4E /* AppDelegate.m */,
				5E7961CC1F5FDACC00EA9B4E /* ViewController.h */,
				5E7961CD1F5FDACC00EA9B4E /* ViewController.m */,
				5E7961CF1F5FDACC00EA9B4E /* Main.storyboard */,
				5E7961D21F5FDACC00EA9B4E /* Assets.xcassets */,
				5E7961D41F5FDACC00EA9B4E /* LaunchScreen.storyboard */,
				5E7961D71F5FDACC00EA9B4E /* Info.plist */,
				5E7961C61F5FDACC00EA9B4E /* Supporting Files */,
			);
			path = 11;
			sourceTree = "<group>";
		};
		5E7961C61F5FDACC00EA9B4E /* Supporting Files */ = {
			isa = PBXGroup;
			children = (
				5E7961C71F5FDACC00EA9B4E /* main.m */,
			);
			name = "Supporting Files";
			sourceTree = "<group>";
		};
		5EB599801F5FD6D300A98BE7 /* StaticLibrary */ = {
			isa = PBXGroup;
			children = (
				5EB599811F5FD6D300A98BE7 /* StaticLibrary.h */,
				5EB599821F5FD6D300A98BE7 /* StaticLibrary.m */,
			);
			path = StaticLibrary;
			sourceTree = "<group>";
		};
/* End PBXGroup section */

/* Begin PBXNativeTarget section */
		5E7008E61F5E422C00B34AEF /* 二维码 */ = {
			isa = PBXNativeTarget;
			buildConfigurationList = 5E7008FE1F5E422C00B34AEF /* Build configuration list for PBXNativeTarget "二维码" */;
			buildPhases = (
				5E7008E31F5E422C00B34AEF /* Sources */,
				5E7008E41F5E422C00B34AEF /* Frameworks */,
				5E7008E51F5E422C00B34AEF /* Resources */,
			);
			buildRules = (
			);
			dependencies = (
			);
			name = "二维码";
			productName = "二维码";
			productReference = 5E7008E71F5E422C00B34AEF /* 二维码.app */;
			productType = "com.apple.product-type.application";
		};
		5E7961C31F5FDACC00EA9B4E /* 11 */ = {
			isa = PBXNativeTarget;
			buildConfigurationList = 5E7961D81F5FDACC00EA9B4E /* Build configuration list for PBXNativeTarget "11" */;
			buildPhases = (
				5E7961C01F5FDACC00EA9B4E /* Sources */,
				5E7961C11F5FDACC00EA9B4E /* Frameworks */,
				5E7961C21F5FDACC00EA9B4E /* Resources */,
			);
			buildRules = (
			);
			dependencies = (
			);
			name = 11;
			productName = 11;
			productReference = 5E7961C41F5FDACC00EA9B4E /* 11.app */;
			productType = "com.apple.product-type.application";
		};
/* End PBXNativeTarget section */

/* Begin PBXProject section */
		5E7008DF1F5E422C00B34AEF /* Project object */ = {
			isa = PBXProject;
			attributes = {
				LastUpgradeCheck = 0820;
				ORGANIZATIONNAME = zhl;
				TargetAttributes = {
					5E7008E61F5E422C00B34AEF = {
						CreatedOnToolsVersion = 8.2.1;
						DevelopmentTeam = AGR3TJ956L;
						ProvisioningStyle = Automatic;
					};
					5E7961C31F5FDACC00EA9B4E = {
						CreatedOnToolsVersion = 8.2.1;
						ProvisioningStyle = Automatic;
					};
				};
			};
			buildConfigurationList = 5E7008E21F5E422C00B34AEF /* Build configuration list for PBXProject "二维码" */;
			compatibilityVersion = "Xcode 3.2";
			developmentRegion = English;
			hasScannedForEncodings = 0;
			knownRegions = (
				en,
				Base,
			);
			mainGroup = 5E7008DE1F5E422C00B34AEF;
			productRefGroup = 5E7008E81F5E422C00B34AEF /* Products */;
			projectDirPath = "";
			projectRoot = "";
			targets = (
				5E7008E61F5E422C00B34AEF /* 二维码 */,
				5E7961C31F5FDACC00EA9B4E /* 11 */,
			);
		};
/* End PBXProject section */

/* Begin PBXResourcesBuildPhase section */
		5E7008E51F5E422C00B34AEF /* Resources */ = {
			isa = PBXResourcesBuildPhase;
			buildActionMask = 2147483647;
			files = (
				5E7008FA1F5E422C00B34AEF /* LaunchScreen.storyboard in Resources */,
				5E7008F71F5E422C00B34AEF /* Assets.xcassets in Resources */,
				5E7008F51F5E422C00B34AEF /* Main.storyboard in Resources */,
			);
			runOnlyForDeploymentPostprocessing = 0;
		};
		5E7961C21F5FDACC00EA9B4E /* Resources */ = {
			isa = PBXResourcesBuildPhase;
			buildActionMask = 2147483647;
			files = (
				5E7961D61F5FDACC00EA9B4E /* LaunchScreen.storyboard in Resources */,
				5E7961D31F5FDACC00EA9B4E /* Assets.xcassets in Resources */,
				5E7961D11F5FDACC00EA9B4E /* Main.storyboard in Resources */,
			);
			runOnlyForDeploymentPostprocessing = 0;
		};
/* End PBXResourcesBuildPhase section */

/* Begin PBXSourcesBuildPhase section */
		5E7008E31F5E422C00B34AEF /* Sources */ = {
			isa = PBXSourcesBuildPhase;
			buildActionMask = 2147483647;
			files = (
				5E7008F21F5E422C00B34AEF /* ViewController.m in Sources */,
				5E7961B91F5FD8B000EA9B4E /* StaticLibrary.m in Sources */,
				5EB599651F5FD3B900A98BE7 /* AppDelegate.m in Sources */,
				5E70090C1F5EAB7E00B34AEF /* ScanAnimaitonView.m in Sources */,
				5E7008EC1F5E422C00B34AEF /* main.m in Sources */,
			);
			runOnlyForDeploymentPostprocessing = 0;
		};
		5E7961C01F5FDACC00EA9B4E /* Sources */ = {
			isa = PBXSourcesBuildPhase;
			buildActionMask = 2147483647;
			files = (
				5E7961CE1F5FDACC00EA9B4E /* ViewController.m in Sources */,
				5E7961CB1F5FDACC00EA9B4E /* AppDelegate.m in Sources */,
				5E7961C81F5FDACC00EA9B4E /* main.m in Sources */,
			);
			runOnlyForDeploymentPostprocessing = 0;
		};
/* End PBXSourcesBuildPhase section */

/* Begin PBXVariantGroup section */
		5E7008F31F5E422C00B34AEF /* Main.storyboard */ = {
			isa = PBXVariantGroup;
			children = (
				5E7008F41F5E422C00B34AEF /* Base */,
			);
			name = Main.storyboard;
			sourceTree = "<group>";
		};
		5E7008F81F5E422C00B34AEF /* LaunchScreen.storyboard */ = {
			isa = PBXVariantGroup;
			children = (
				5E7008F91F5E422C00B34AEF /* Base */,
			);
			name = LaunchScreen.storyboard;
			sourceTree = "<group>";
		};
		5E7961CF1F5FDACC00EA9B4E /* Main.storyboard */ = {
			isa = PBXVariantGroup;
			children = (
				5E7961D01F5FDACC00EA9B4E /* Base */,
			);
			name = Main.storyboard;
			sourceTree = "<group>";
		};
		5E7961D41F5FDACC00EA9B4E /* LaunchScreen.storyboard */ = {
			isa = PBXVariantGroup;
			children = (
				5E7961D51F5FDACC00EA9B4E /* Base */,
			);
			name = LaunchScreen.storyboard;
			sourceTree = "<group>";
		};
/* End PBXVariantGroup section */

/* Begin XCBuildConfiguration section */
		5E7008FC1F5E422C00B34AEF /* Debug */ = {
			isa = XCBuildConfiguration;
			buildSettings = {
				ALWAYS_SEARCH_USER_PATHS = NO;
				CLANG_ANALYZER_NONNULL = YES;
				CLANG_CXX_LANGUAGE_STANDARD = "gnu++0x";
				CLANG_CXX_LIBRARY = "libc++";
				CLANG_ENABLE_MODULES = YES;
				CLANG_ENABLE_OBJC_ARC = YES;
				CLANG_WARN_BOOL_CONVERSION = YES;
				CLANG_WARN_CONSTANT_CONVERSION = YES;
				CLANG_WARN_DIRECT_OBJC_ISA_USAGE = YES_ERROR;
				CLANG_WARN_DOCUMENTATION_COMMENTS = YES;
				CLANG_WARN_EMPTY_BODY = YES;
				CLANG_WARN_ENUM_CONVERSION = YES;
				CLANG_WARN_INFINITE_RECURSION = YES;
				CLANG_WARN_INT_CONVERSION = YES;
				CLANG_WARN_OBJC_ROOT_CLASS = YES_ERROR;
				CLANG_WARN_SUSPICIOUS_MOVE = YES;
				CLANG_WARN_UNREACHABLE_CODE = YES;
				CLANG_WARN__DUPLICATE_METHOD_MATCH = YES;
				"CODE_SIGN_IDENTITY[sdk=iphoneos*]" = "iPhone Developer";
				COPY_PHASE_STRIP = NO;
				DEBUG_INFORMATION_FORMAT = dwarf;
				ENABLE_STRICT_OBJC_MSGSEND = YES;
				ENABLE_TESTABILITY = YES;
				GCC_C_LANGUAGE_STANDARD = gnu99;
				GCC_DYNAMIC_NO_PIC = NO;
				GCC_NO_COMMON_BLOCKS = YES;
				GCC_OPTIMIZATION_LEVEL = 0;
				GCC_PREPROCESSOR_DEFINITIONS = (
					"DEBUG=1",
					"$(inherited)",
				);
				GCC_WARN_64_TO_32_BIT_CONVERSION = YES;
				GCC_WARN_ABOUT_RETURN_TYPE = YES_ERROR;
				GCC_WARN_UNDECLARED_SELECTOR = YES;
				GCC_WARN_UNINITIALIZED_AUTOS = YES_AGGRESSIVE;
				GCC_WARN_UNUSED_FUNCTION = YES;
				GCC_WARN_UNUSED_VARIABLE = YES;
				IPHONEOS_DEPLOYMENT_TARGET = 10.2;
				MTL_ENABLE_DEBUG_INFO = YES;
				ONLY_ACTIVE_ARCH = YES;
				SDKROOT = iphoneos;
			};
			name = Debug;
		};
		5E7008FD1F5E422C00B34AEF /* Release */ = {
			isa = XCBuildConfiguration;
			buildSettings = {
				ALWAYS_SEARCH_USER_PATHS = NO;
				CLANG_ANALYZER_NONNULL = YES;
				CLANG_CXX_LANGUAGE_STANDARD = "gnu++0x";
				CLANG_CXX_LIBRARY = "libc++";
				CLANG_ENABLE_MODULES = YES;
				CLANG_ENABLE_OBJC_ARC = YES;
				CLANG_WARN_BOOL_CONVERSION = YES;
				CLANG_WARN_CONSTANT_CONVERSION = YES;
				CLANG_WARN_DIRECT_OBJC_ISA_USAGE = YES_ERROR;
				CLANG_WARN_DOCUMENTATION_COMMENTS = YES;
				CLANG_WARN_EMPTY_BODY = YES;
				CLANG_WARN_ENUM_CONVERSION = YES;
				CLANG_WARN_INFINITE_RECURSION = YES;
				CLANG_WARN_INT_CONVERSION = YES;
				CLANG_WARN_OBJC_ROOT_CLASS = YES_ERROR;
				CLANG_WARN_SUSPICIOUS_MOVE = YES;
				CLANG_WARN_UNREACHABLE_CODE = YES;
				CLANG_WARN__DUPLICATE_METHOD_MATCH = YES;
				"CODE_SIGN_IDENTITY[sdk=iphoneos*]" = "iPhone Developer";
				COPY_PHASE_STRIP = NO;
				DEBUG_INFORMATION_FORMAT = "dwarf-with-dsym";
				ENABLE_NS_ASSERTIONS = NO;
				ENABLE_STRICT_OBJC_MSGSEND = YES;
				GCC_C_LANGUAGE_STANDARD = gnu99;
				GCC_NO_COMMON_BLOCKS = YES;
				GCC_WARN_64_TO_32_BIT_CONVERSION = YES;
				GCC_WARN_ABOUT_RETURN_TYPE = YES_ERROR;
				GCC_WARN_UNDECLARED_SELECTOR = YES;
				GCC_WARN_UNINITIALIZED_AUTOS = YES_AGGRESSIVE;
				GCC_WARN_UNUSED_FUNCTION = YES;
				GCC_WARN_UNUSED_VARIABLE = YES;
				IPHONEOS_DEPLOYMENT_TARGET = 10.2;
				MTL_ENABLE_DEBUG_INFO = NO;
				SDKROOT = iphoneos;
				VALIDATE_PRODUCT = YES;
			};
			name = Release;
		};
		5E7008FF1F5E422C00B34AEF /* Debug */ = {
			isa = XCBuildConfiguration;
			buildSettings = {
				ASSETCATALOG_COMPILER_APPICON_NAME = AppIcon;
				DEVELOPMENT_TEAM = AGR3TJ956L;
				INFOPLIST_FILE = "二维码/Info.plist";
				LD_RUNPATH_SEARCH_PATHS = "$(inherited) @executable_path/Frameworks";
				PRODUCT_BUNDLE_IDENTIFIER = "julyedu.---";
				PRODUCT_NAME = "$(TARGET_NAME)";
			};
			name = Debug;
		};
		5E7009001F5E422C00B34AEF /* Release */ = {
			isa = XCBuildConfiguration;
			buildSettings = {
				ASSETCATALOG_COMPILER_APPICON_NAME = AppIcon;
				DEVELOPMENT_TEAM = AGR3TJ956L;
				INFOPLIST_FILE = "二维码/Info.plist";
				LD_RUNPATH_SEARCH_PATHS = "$(inherited) @executable_path/Frameworks";
				PRODUCT_BUNDLE_IDENTIFIER = "julyedu.---";
				PRODUCT_NAME = "$(TARGET_NAME)";
			};
			name = Release;
		};
		5E7961D91F5FDACC00EA9B4E /* Debug */ = {
			isa = XCBuildConfiguration;
			buildSettings = {
				ASSETCATALOG_COMPILER_APPICON_NAME = AppIcon;
				INFOPLIST_FILE = 11/Info.plist;
				LD_RUNPATH_SEARCH_PATHS = "$(inherited) @executable_path/Frameworks";
				PRODUCT_BUNDLE_IDENTIFIER = "julyedu.-1";
				PRODUCT_NAME = "$(TARGET_NAME)";
			};
			name = Debug;
		};
		5E7961DA1F5FDACC00EA9B4E /* Release */ = {
			isa = XCBuildConfiguration;
			buildSettings = {
				ASSETCATALOG_COMPILER_APPICON_NAME = AppIcon;
				INFOPLIST_FILE = 11/Info.plist;
				LD_RUNPATH_SEARCH_PATHS = "$(inherited) @executable_path/Frameworks";
				PRODUCT_BUNDLE_IDENTIFIER = "julyedu.-1";
				PRODUCT_NAME = "$(TARGET_NAME)";
			};
			name = Release;
		};
/* End XCBuildConfiguration section */

/* Begin XCConfigurationList section */
		5E7008E21F5E422C00B34AEF /* Build configuration list for PBXProject "二维码" */ = {
			isa = XCConfigurationList;
			buildConfigurations = (
				5E7008FC1F5E422C00B34AEF /* Debug */,
				5E7008FD1F5E422C00B34AEF /* Release */,
			);
			defaultConfigurationIsVisible = 0;
			defaultConfigurationName = Release;
		};
		5E7008FE1F5E422C00B34AEF /* Build configuration list for PBXNativeTarget "二维码" */ = {
			isa = XCConfigurationList;
			buildConfigurations = (
				5E7008FF1F5E422C00B34AEF /* Debug */,
				5E7009001F5E422C00B34AEF /* Release */,
			);
			defaultConfigurationIsVisible = 0;
			defaultConfigurationName = Release;
		};
		5E7961D81F5FDACC00EA9B4E /* Build configuration list for PBXNativeTarget "11" */ = {
			isa = XCConfigurationList;
			buildConfigurations = (
				5E7961D91F5FDACC00EA9B4E /* Debug */,
				5E7961DA1F5FDACC00EA9B4E /* Release */,
			);
			defaultConfigurationIsVisible = 0;
		};
/* End XCConfigurationList section */
	};
	rootObject = 5E7008DF1F5E422C00B34AEF /* Project object */;
}
